
Microsoft Visual Studio Solution File, Format Version 12.00
# Visual Studio Version 16
VisualStudioVersion = 16.0.31112.23
MinimumVisualStudioVersion = 10.0.40219.1
Project("{FAE04EC0-301F-11D3-BF4B-00C04F79EFBC}") = "5951071008_TranQuangDuy_Nhom3", "5951071008_TranQuangDuy_Nhom3\5951071008_TranQuangDuy_Nhom3.csproj", "{07DB83DC-CF2D-4F62-B184-815AF4B25B3C}"
EndProject
Global
	GlobalSection(SolutionConfigurationPlatforms) = preSolution
		Debug|Any CPU = Debug|Any CPU
		Release|Any CPU = Release|Any CPU
	EndGlobalSection
	GlobalSection(ProjectConfigurationPlatforms) = postSolution
		{07DB83DC-CF2D-4F62-B184-815AF4B25B3C}.Debug|Any CPU.ActiveCfg = Debug|Any CPU
		{07DB83DC-CF2D-4F62-B184-815AF4B25B3C}.Debug|Any CPU.Build.0 = Debug|Any CPU
		{07DB83DC-CF2D-4F62-B184-815AF4B25B3C}.Release|Any CPU.ActiveCfg = Release|Any CPU
		{07DB83DC-CF2D-4F62-B184-815AF4B25B3C}.Release|Any CPU.Build.0 = Release|Any CPU
	EndGlobalSection
	GlobalSection(SolutionProperties) = preSolution
		HideSolutionNode = FALSE
	EndGlobalSection
	GlobalSection(ExtensibilityGlobals) = postSolution
		SolutionGuid = {B495EE53-B61F-4853-B677-E203208EA29D}
	EndGlobalSection
EndGlobal
